<?xml version="1.0" encoding="UTF-8"?>
<CodeBlocks_project_file>
	<FileVersion major="1" minor="6"/>
	<Project>
		<Option title="15"/>
		<Option makefile_is_custom="1"/>
		<Option compiler="gcc"/>
		<Option virtualFolders="CMake Files\;CMake Files\src\;CMake Files\src\DataStructure\;CMake Files\src\DataStructure\1\;CMake Files\src\DataStructure\1003\;CMake Files\src\DataStructure\102\;CMake Files\src\DataStructure\102_2\;CMake Files\src\DataStructure\102_3\;CMake Files\src\DataStructure\103\;CMake Files\src\DataStructure\103_2\;CMake Files\src\DataStructure\105\;CMake Files\src\DataStructure\121\;CMake Files\src\DataStructure\122\;CMake Files\src\DataStructure\1277\;CMake Files\src\DataStructure\129\;CMake Files\src\DataStructure\130\;CMake Files\src\DataStructure\135\;CMake Files\src\DataStructure\141\;CMake Files\src\DataStructure\142\;CMake Files\src\DataStructure\148\;CMake Files\src\DataStructure\15\;CMake Files\src\DataStructure\154\;CMake Files\src\DataStructure\167\;CMake Files\src\DataStructure\1791\;CMake Files\src\DataStructure\1971\;CMake Files\src\DataStructure\199\;CMake Files\src\DataStructure\20\;CMake Files\src\DataStructure\200\;CMake Files\src\DataStructure\202_2\;CMake Files\src\DataStructure\211\;CMake Files\src\DataStructure\215\;CMake Files\src\DataStructure\22\;CMake Files\src\DataStructure\236\;CMake Files\src\DataStructure\257\;CMake Files\src\DataStructure\26Z\;CMake Files\src\DataStructure\300\;CMake Files\src\DataStructure\31\;CMake Files\src\DataStructure\310\;CMake Files\src\DataStructure\311\;CMake Files\src\DataStructure\33\;CMake Files\src\DataStructure\33Z\;CMake Files\src\DataStructure\34\;CMake Files\src\DataStructure\347\;CMake Files\src\DataStructure\38Z\;CMake Files\src\DataStructure\40\;CMake Files\src\DataStructure\417\;CMake Files\src\DataStructure\451\;CMake Files\src\DataStructure\452\;CMake Files\src\DataStructure\455\;CMake Files\src\DataStructure\46\;CMake Files\src\DataStructure\47\;CMake Files\src\DataStructure\5\;CMake Files\src\DataStructure\524\;CMake Files\src\DataStructure\53\;CMake Files\src\DataStructure\54\;CMake Files\src\DataStructure\540\;CMake Files\src\DataStructure\547\;CMake Files\src\DataStructure\56\;CMake Files\src\DataStructure\60\;CMake Files\src\DataStructure\605\;CMake Files\src\DataStructure\633\;CMake Files\src\DataStructure\680\;CMake Files\src\DataStructure\69\;CMake Files\src\DataStructure\695\;CMake Files\src\DataStructure\6Z\;CMake Files\src\DataStructure\718\;CMake Files\src\DataStructure\76\;CMake Files\src\DataStructure\763\;CMake Files\src\DataStructure\77\;CMake Files\src\DataStructure\79\;CMake Files\src\DataStructure\81\;CMake Files\src\DataStructure\88\;CMake Files\src\DataStructure\934\;CMake Files\src\DataStructure\997\;CMake Files\src\DataStructure\FindStonePair\;CMake Files\src\DataStructure\RabbitGoesHome\;CMake Files\src\DataStructure\quickSort\;CMake Files\src\Copy_structure\;CMake Files\src\DNS\;CMake Files\src\DateBaseTest\;CMake Files\src\Disjoint-setDataStructure\;CMake Files\src\EnumClass\;CMake Files\src\Execute_before_main\;CMake Files\src\stub\;CMake Files\src\Observer\;CMake Files\src\Test\;CMake Files\src\ThreadPool\;CMake Files\src\Throw_an_exception_at_destructor_time\;CMake Files\src\TimerTest\;CMake Files\src\Variable_parameter_template\;CMake Files\src\addressof\;CMake Files\src\align\;CMake Files\src\any\;CMake Files\src\as_bytes\;CMake Files\src\asctime\;CMake Files\src\asio\;CMake Files\src\async\;CMake Files\src\atomic\;CMake Files\src\auto\;CMake Files\src\backtrace\;CMake Files\src\boolalpha\;CMake Files\src\boostLambda\;CMake Files\src\char\;CMake Files\src\chrnon\;CMake Files\src\class_template\;CMake Files\src\conditional\;CMake Files\src\dbg\;CMake Files\src\weakPtr\;CMake Files\src\reference\;CMake Files\src\orm\;CMake Files\src\dynamic_cast\;CMake Files\src\rpc\;CMake Files\src\memory_model\;CMake Files\src\inline\;CMake Files\src\dlopen\;CMake Files\src\dlopen\lib\;CMake Files\src\enableShard\;CMake Files\src\fstream\;CMake Files\src\proxy\;CMake Files\src\memory\;CMake Files\src\new\;CMake Files\src\regex\;CMake Files\src\register\;CMake Files\src\rpcexp\;CMake Files\src\sharedPtr\;CMake Files\src\sqlite3\;CMake Files\src\syslog\;CMake Files\src\tuple\;CMake Files\src\reference_wrapper\;CMake Files\src\unordered_set\;CMake Files\src\type\;CMake Files\src\typeid\;CMake Files\src\getline\;CMake Files\src\json\;CMake Files\src\sizeof...\;CMake Files\src\folded_expression\;CMake Files\src\folded_expression2\;CMake Files\src\fold_expression_empty_packet_processing\;CMake Files\src\visit_struct\;CMake Files\src\optional\;CMake Files\src\sscanf\;CMake Files\src\popen\;CMake Files\src\protobuf\;CMake Files\src\gcovr\;CMake Files\src\inlineStatic\;CMake Files\src\gtest\;CMake Files\src\giomm\;CMake Files\src\sqlit3pp\;CMake Files\src\invocable\;CMake Files\src\promise\;CMake Files\src\packaged_task\;CMake Files\src\libevent\;CMake Files\src\looper\;CMake Files\src\rpc_client\;CMake Files\src\vec\;CMake Files\src\stream\;CMake Files\src\threadTest\;CMake Files\src\runableHandlerTest\;CMake Files\src\string\;CMake Files\src\overload\;CMake Files\src\quoted\;CMake Files\src\match_format\;CMake Files\src\locale\;CMake Files\src\strategy\;CMake Files\src\enable_shared_from_this\;CMake Files\src\from_chars\;CMake Files\src\mem_fn\;CMake Files\src\subprocess1\;CMake Files\src\virtual\;CMake Files\src\log4cpp\;CMake Files\src\imgui\;CMake Files\src\stringAssign\;CMake Files\src\strto\;CMake Files\src\udl\;CMake Files\src\unique_ptr\;CMake Files\src\netd\;CMake Files\src\ptr\;CMake Files\src\uuid\;CMake Files\src\netd1\;CMake Files\src\pythonC++\;CMake Files\src\ifc\;CMake Files\src\engineTest\;CMake Files\src\utils\;CMake Files\src\tcpServer\;CMake Files\src\tcpClient\;CMake Files\src\jsoncpp\;CMake Files\src\msgpackTest\;CMake Files\..\;CMake Files\..\..\;CMake Files\..\..\..\;CMake Files\..\..\..\usr\;CMake Files\..\..\..\usr\lib\;CMake Files\..\..\..\usr\lib\aarch64-linux-gnu\;CMake Files\..\..\..\usr\lib\aarch64-linux-gnu\cmake\;CMake Files\..\..\..\usr\lib\aarch64-linux-gnu\cmake\Boost-1.74.0\;CMake Files\..\..\..\usr\lib\aarch64-linux-gnu\cmake\boost_headers-1.74.0\;CMake Files\..\..\..\usr\lib\aarch64-linux-gnu\cmake\boost_date_time-1.74.0\;CMake Files\..\..\..\usr\lib\aarch64-linux-gnu\cmake\boost_system-1.74.0\;CMake Files\..\..\..\usr\lib\aarch64-linux-gnu\cmake\boost_filesystem-1.74.0\;CMake Files\..\..\..\usr\lib\aarch64-linux-gnu\cmake\boost_iostreams-1.74.0\;CMake Files\..\..\..\usr\lib\aarch64-linux-gnu\cmake\boost_thread-1.74.0\;CMake Files\..\..\..\usr\lib\aarch64-linux-gnu\cmake\boost_atomic-1.74.0\;CMake Files\..\..\..\usr\lib\aarch64-linux-gnu\cmake\GTest\;CMake Files\..\..\..\usr\local\;CMake Files\..\..\..\usr\local\lib\;CMake Files\..\..\..\usr\local\lib\cmake\;CMake Files\..\..\..\usr\local\lib\cmake\jsoncpp\;CMake Files\external\;CMake Files\external\subprocess\;CMake Files\external\imgui\;CMake Files\libframework\;CMake Files\libframework\framework\;CMake Files\libframework\framework\interface\;"/>
		<Build>
			<Target title="all">
				<Option working_dir="/home/parallels/clion/build-linux/src/DataStructure/15"/>
				<Option type="4"/>
				<MakeCommands>
					<Build command="/usr/bin/make -j4 -f &quot;/home/parallels/clion/build-linux/src/DataStructure/15/Makefile&quot;  VERBOSE=1 all"/>
					<CompileFile command="/usr/bin/make -j4 -f &quot;/home/parallels/clion/build-linux/src/DataStructure/15/Makefile&quot;  VERBOSE=1 &quot;$file&quot;"/>
					<Clean command="/usr/bin/make -j4 -f &quot;/home/parallels/clion/build-linux/src/DataStructure/15/Makefile&quot;  VERBOSE=1 clean"/>
					<DistClean command="/usr/bin/make -j4 -f &quot;/home/parallels/clion/build-linux/src/DataStructure/15/Makefile&quot;  VERBOSE=1 clean"/>
				</MakeCommands>
			</Target>
			<Target title="15">
				<Option output="/home/parallels/clion/build-linux/bin/15" prefix_auto="0" extension_auto="0"/>
				<Option working_dir="/home/parallels/clion/build-linux/bin"/>
				<Option object_output="./"/>
				<Option type="1"/>
				<Option compiler="gcc"/>
				<Compiler>
					<Add directory="/home/parallels/clion/src/DataStructure/15/include"/>
					<Add directory="/home/parallels/clion/libframework/framework/include"/>
					<Add directory="/home/parallels/clion/build-linux/generated"/>
					<Add directory="/usr/include/glibmm-2.4"/>
					<Add directory="/usr/lib/aarch64-linux-gnu/glibmm-2.4/include"/>
					<Add directory="/usr/include/glib-2.0"/>
					<Add directory="/usr/lib/aarch64-linux-gnu/glib-2.0/include"/>
					<Add directory="/usr/include/sigc++-2.0"/>
					<Add directory="/usr/lib/aarch64-linux-gnu/sigc++-2.0/include"/>
					<Add directory="/usr/include/giomm-2.4"/>
					<Add directory="/usr/lib/aarch64-linux-gnu/giomm-2.4/include"/>
					<Add directory="/usr/include/libmount"/>
					<Add directory="/usr/include/blkid"/>
					<Add directory="/home/parallels/clion/external/subprocess/../subprocess"/>
					<Add directory="/usr/include/c++/11"/>
					<Add directory="/usr/include/aarch64-linux-gnu/c++/11"/>
					<Add directory="/usr/include/c++/11/backward"/>
					<Add directory="/usr/lib/gcc/aarch64-linux-gnu/11/include"/>
					<Add directory="/usr/local/include"/>
					<Add directory="/usr/include/aarch64-linux-gnu"/>
					<Add directory="/usr/include"/>
				</Compiler>
				<MakeCommands>
					<Build command="/usr/bin/make -j4 -f &quot;/home/parallels/clion/build-linux/src/DataStructure/15/Makefile&quot;  VERBOSE=1 15"/>
					<CompileFile command="/usr/bin/make -j4 -f &quot;/home/parallels/clion/build-linux/src/DataStructure/15/Makefile&quot;  VERBOSE=1 &quot;$file&quot;"/>
					<Clean command="/usr/bin/make -j4 -f &quot;/home/parallels/clion/build-linux/src/DataStructure/15/Makefile&quot;  VERBOSE=1 clean"/>
					<DistClean command="/usr/bin/make -j4 -f &quot;/home/parallels/clion/build-linux/src/DataStructure/15/Makefile&quot;  VERBOSE=1 clean"/>
				</MakeCommands>
			</Target>
			<Target title="15/fast">
				<Option output="/home/parallels/clion/build-linux/bin/15" prefix_auto="0" extension_auto="0"/>
				<Option working_dir="/home/parallels/clion/build-linux/bin"/>
				<Option object_output="./"/>
				<Option type="1"/>
				<Option compiler="gcc"/>
				<Compiler>
					<Add directory="/home/parallels/clion/src/DataStructure/15/include"/>
					<Add directory="/home/parallels/clion/libframework/framework/include"/>
					<Add directory="/home/parallels/clion/build-linux/generated"/>
					<Add directory="/usr/include/glibmm-2.4"/>
					<Add directory="/usr/lib/aarch64-linux-gnu/glibmm-2.4/include"/>
					<Add directory="/usr/include/glib-2.0"/>
					<Add directory="/usr/lib/aarch64-linux-gnu/glib-2.0/include"/>
					<Add directory="/usr/include/sigc++-2.0"/>
					<Add directory="/usr/lib/aarch64-linux-gnu/sigc++-2.0/include"/>
					<Add directory="/usr/include/giomm-2.4"/>
					<Add directory="/usr/lib/aarch64-linux-gnu/giomm-2.4/include"/>
					<Add directory="/usr/include/libmount"/>
					<Add directory="/usr/include/blkid"/>
					<Add directory="/home/parallels/clion/external/subprocess/../subprocess"/>
					<Add directory="/usr/include/c++/11"/>
					<Add directory="/usr/include/aarch64-linux-gnu/c++/11"/>
					<Add directory="/usr/include/c++/11/backward"/>
					<Add directory="/usr/lib/gcc/aarch64-linux-gnu/11/include"/>
					<Add directory="/usr/local/include"/>
					<Add directory="/usr/include/aarch64-linux-gnu"/>
					<Add directory="/usr/include"/>
				</Compiler>
				<MakeCommands>
					<Build command="/usr/bin/make -j4 -f &quot;/home/parallels/clion/build-linux/src/DataStructure/15/Makefile&quot;  VERBOSE=1 15/fast"/>
					<CompileFile command="/usr/bin/make -j4 -f &quot;/home/parallels/clion/build-linux/src/DataStructure/15/Makefile&quot;  VERBOSE=1 &quot;$file&quot;"/>
					<Clean command="/usr/bin/make -j4 -f &quot;/home/parallels/clion/build-linux/src/DataStructure/15/Makefile&quot;  VERBOSE=1 clean"/>
					<DistClean command="/usr/bin/make -j4 -f &quot;/home/parallels/clion/build-linux/src/DataStructure/15/Makefile&quot;  VERBOSE=1 clean"/>
				</MakeCommands>
			</Target>
		</Build>
		<Unit filename="/home/parallels/clion/src/DataStructure/15/src/main.cpp">
			<Option target="15"/>
		</Unit>
		<Unit filename="/home/parallels/clion/CMakeLists.txt">
			<Option virtualFolder="CMake Files\"/>
		</Unit>
		<Unit filename="/home/parallels/clion/src/CMakeLists.txt">
			<Option virtualFolder="CMake Files\src\"/>
		</Unit>
		<Unit filename="/home/parallels/clion/src/DataStructure/CMakeLists.txt">
			<Option virtualFolder="CMake Files\src\DataStructure\"/>
		</Unit>
		<Unit filename="/home/parallels/clion/src/DataStructure/1/CMakeLists.txt">
			<Option virtualFolder="CMake Files\src\DataStructure\1\"/>
		</Unit>
		<Unit filename="/home/parallels/clion/src/DataStructure/1003/CMakeLists.txt">
			<Option virtualFolder="CMake Files\src\DataStructure\1003\"/>
		</Unit>
		<Unit filename="/home/parallels/clion/src/DataStructure/102/CMakeLists.txt">
			<Option virtualFolder="CMake Files\src\DataStructure\102\"/>
		</Unit>
		<Unit filename="/home/parallels/clion/src/DataStructure/102_2/CMakeLists.txt">
			<Option virtualFolder="CMake Files\src\DataStructure\102_2\"/>
		</Unit>
		<Unit filename="/home/parallels/clion/src/DataStructure/102_3/CMakeLists.txt">
			<Option virtualFolder="CMake Files\src\DataStructure\102_3\"/>
		</Unit>
		<Unit filename="/home/parallels/clion/src/DataStructure/103/CMakeLists.txt">
			<Option virtualFolder="CMake Files\src\DataStructure\103\"/>
		</Unit>
		<Unit filename="/home/parallels/clion/src/DataStructure/103_2/CMakeLists.txt">
			<Option virtualFolder="CMake Files\src\DataStructure\103_2\"/>
		</Unit>
		<Unit filename="/home/parallels/clion/src/DataStructure/105/CMakeLists.txt">
			<Option virtualFolder="CMake Files\src\DataStructure\105\"/>
		</Unit>
		<Unit filename="/home/parallels/clion/src/DataStructure/121/CMakeLists.txt">
			<Option virtualFolder="CMake Files\src\DataStructure\121\"/>
		</Unit>
		<Unit filename="/home/parallels/clion/src/DataStructure/122/CMakeLists.txt">
			<Option virtualFolder="CMake Files\src\DataStructure\122\"/>
		</Unit>
		<Unit filename="/home/parallels/clion/src/DataStructure/1277/CMakeLists.txt">
			<Option virtualFolder="CMake Files\src\DataStructure\1277\"/>
		</Unit>
		<Unit filename="/home/parallels/clion/src/DataStructure/129/CMakeLists.txt">
			<Option virtualFolder="CMake Files\src\DataStructure\129\"/>
		</Unit>
		<Unit filename="/home/parallels/clion/src/DataStructure/130/CMakeLists.txt">
			<Option virtualFolder="CMake Files\src\DataStructure\130\"/>
		</Unit>
		<Unit filename="/home/parallels/clion/src/DataStructure/135/CMakeLists.txt">
			<Option virtualFolder="CMake Files\src\DataStructure\135\"/>
		</Unit>
		<Unit filename="/home/parallels/clion/src/DataStructure/141/CMakeLists.txt">
			<Option virtualFolder="CMake Files\src\DataStructure\141\"/>
		</Unit>
		<Unit filename="/home/parallels/clion/src/DataStructure/142/CMakeLists.txt">
			<Option virtualFolder="CMake Files\src\DataStructure\142\"/>
		</Unit>
		<Unit filename="/home/parallels/clion/src/DataStructure/148/CMakeLists.txt">
			<Option virtualFolder="CMake Files\src\DataStructure\148\"/>
		</Unit>
		<Unit filename="/home/parallels/clion/src/DataStructure/15/CMakeLists.txt">
			<Option virtualFolder="CMake Files\src\DataStructure\15\"/>
		</Unit>
		<Unit filename="/home/parallels/clion/src/DataStructure/154/CMakeLists.txt">
			<Option virtualFolder="CMake Files\src\DataStructure\154\"/>
		</Unit>
		<Unit filename="/home/parallels/clion/src/DataStructure/167/CMakeLists.txt">
			<Option virtualFolder="CMake Files\src\DataStructure\167\"/>
		</Unit>
		<Unit filename="/home/parallels/clion/src/DataStructure/1791/CMakeLists.txt">
			<Option virtualFolder="CMake Files\src\DataStructure\1791\"/>
		</Unit>
		<Unit filename="/home/parallels/clion/src/DataStructure/1971/CMakeLists.txt">
			<Option virtualFolder="CMake Files\src\DataStructure\1971\"/>
		</Unit>
		<Unit filename="/home/parallels/clion/src/DataStructure/199/CMakeLists.txt">
			<Option virtualFolder="CMake Files\src\DataStructure\199\"/>
		</Unit>
		<Unit filename="/home/parallels/clion/src/DataStructure/20/CMakeLists.txt">
			<Option virtualFolder="CMake Files\src\DataStructure\20\"/>
		</Unit>
		<Unit filename="/home/parallels/clion/src/DataStructure/200/CMakeLists.txt">
			<Option virtualFolder="CMake Files\src\DataStructure\200\"/>
		</Unit>
		<Unit filename="/home/parallels/clion/src/DataStructure/202_2/CMakeLists.txt">
			<Option virtualFolder="CMake Files\src\DataStructure\202_2\"/>
		</Unit>
		<Unit filename="/home/parallels/clion/src/DataStructure/211/CMakeLists.txt">
			<Option virtualFolder="CMake Files\src\DataStructure\211\"/>
		</Unit>
		<Unit filename="/home/parallels/clion/src/DataStructure/215/CMakeLists.txt">
			<Option virtualFolder="CMake Files\src\DataStructure\215\"/>
		</Unit>
		<Unit filename="/home/parallels/clion/src/DataStructure/22/CMakeLists.txt">
			<Option virtualFolder="CMake Files\src\DataStructure\22\"/>
		</Unit>
		<Unit filename="/home/parallels/clion/src/DataStructure/236/CMakeLists.txt">
			<Option virtualFolder="CMake Files\src\DataStructure\236\"/>
		</Unit>
		<Unit filename="/home/parallels/clion/src/DataStructure/257/CMakeLists.txt">
			<Option virtualFolder="CMake Files\src\DataStructure\257\"/>
		</Unit>
		<Unit filename="/home/parallels/clion/src/DataStructure/26Z/CMakeLists.txt">
			<Option virtualFolder="CMake Files\src\DataStructure\26Z\"/>
		</Unit>
		<Unit filename="/home/parallels/clion/src/DataStructure/300/CMakeLists.txt">
			<Option virtualFolder="CMake Files\src\DataStructure\300\"/>
		</Unit>
		<Unit filename="/home/parallels/clion/src/DataStructure/31/CMakeLists.txt">
			<Option virtualFolder="CMake Files\src\DataStructure\31\"/>
		</Unit>
		<Unit filename="/home/parallels/clion/src/DataStructure/310/CMakeLists.txt">
			<Option virtualFolder="CMake Files\src\DataStructure\310\"/>
		</Unit>
		<Unit filename="/home/parallels/clion/src/DataStructure/311/CMakeLists.txt">
			<Option virtualFolder="CMake Files\src\DataStructure\311\"/>
		</Unit>
		<Unit filename="/home/parallels/clion/src/DataStructure/33/CMakeLists.txt">
			<Option virtualFolder="CMake Files\src\DataStructure\33\"/>
		</Unit>
		<Unit filename="/home/parallels/clion/src/DataStructure/33Z/CMakeLists.txt">
			<Option virtualFolder="CMake Files\src\DataStructure\33Z\"/>
		</Unit>
		<Unit filename="/home/parallels/clion/src/DataStructure/34/CMakeLists.txt">
			<Option virtualFolder="CMake Files\src\DataStructure\34\"/>
		</Unit>
		<Unit filename="/home/parallels/clion/src/DataStructure/347/CMakeLists.txt">
			<Option virtualFolder="CMake Files\src\DataStructure\347\"/>
		</Unit>
		<Unit filename="/home/parallels/clion/src/DataStructure/38Z/CMakeLists.txt">
			<Option virtualFolder="CMake Files\src\DataStructure\38Z\"/>
		</Unit>
		<Unit filename="/home/parallels/clion/src/DataStructure/40/CMakeLists.txt">
			<Option virtualFolder="CMake Files\src\DataStructure\40\"/>
		</Unit>
		<Unit filename="/home/parallels/clion/src/DataStructure/417/CMakeLists.txt">
			<Option virtualFolder="CMake Files\src\DataStructure\417\"/>
		</Unit>
		<Unit filename="/home/parallels/clion/src/DataStructure/451/CMakeLists.txt">
			<Option virtualFolder="CMake Files\src\DataStructure\451\"/>
		</Unit>
		<Unit filename="/home/parallels/clion/src/DataStructure/452/CMakeLists.txt">
			<Option virtualFolder="CMake Files\src\DataStructure\452\"/>
		</Unit>
		<Unit filename="/home/parallels/clion/src/DataStructure/455/CMakeLists.txt">
			<Option virtualFolder="CMake Files\src\DataStructure\455\"/>
		</Unit>
		<Unit filename="/home/parallels/clion/src/DataStructure/46/CMakeLists.txt">
			<Option virtualFolder="CMake Files\src\DataStructure\46\"/>
		</Unit>
		<Unit filename="/home/parallels/clion/src/DataStructure/47/CMakeLists.txt">
			<Option virtualFolder="CMake Files\src\DataStructure\47\"/>
		</Unit>
		<Unit filename="/home/parallels/clion/src/DataStructure/5/CMakeLists.txt">
			<Option virtualFolder="CMake Files\src\DataStructure\5\"/>
		</Unit>
		<Unit filename="/home/parallels/clion/src/DataStructure/524/CMakeLists.txt">
			<Option virtualFolder="CMake Files\src\DataStructure\524\"/>
		</Unit>
		<Unit filename="/home/parallels/clion/src/DataStructure/53/CMakeLists.txt">
			<Option virtualFolder="CMake Files\src\DataStructure\53\"/>
		</Unit>
		<Unit filename="/home/parallels/clion/src/DataStructure/54/CMakeLists.txt">
			<Option virtualFolder="CMake Files\src\DataStructure\54\"/>
		</Unit>
		<Unit filename="/home/parallels/clion/src/DataStructure/540/CMakeLists.txt">
			<Option virtualFolder="CMake Files\src\DataStructure\540\"/>
		</Unit>
		<Unit filename="/home/parallels/clion/src/DataStructure/547/CMakeLists.txt">
			<Option virtualFolder="CMake Files\src\DataStructure\547\"/>
		</Unit>
		<Unit filename="/home/parallels/clion/src/DataStructure/56/CMakeLists.txt">
			<Option virtualFolder="CMake Files\src\DataStructure\56\"/>
		</Unit>
		<Unit filename="/home/parallels/clion/src/DataStructure/60/CMakeLists.txt">
			<Option virtualFolder="CMake Files\src\DataStructure\60\"/>
		</Unit>
		<Unit filename="/home/parallels/clion/src/DataStructure/605/CMakeLists.txt">
			<Option virtualFolder="CMake Files\src\DataStructure\605\"/>
		</Unit>
		<Unit filename="/home/parallels/clion/src/DataStructure/633/CMakeLists.txt">
			<Option virtualFolder="CMake Files\src\DataStructure\633\"/>
		</Unit>
		<Unit filename="/home/parallels/clion/src/DataStructure/680/CMakeLists.txt">
			<Option virtualFolder="CMake Files\src\DataStructure\680\"/>
		</Unit>
		<Unit filename="/home/parallels/clion/src/DataStructure/69/CMakeLists.txt">
			<Option virtualFolder="CMake Files\src\DataStructure\69\"/>
		</Unit>
		<Unit filename="/home/parallels/clion/src/DataStructure/695/CMakeLists.txt">
			<Option virtualFolder="CMake Files\src\DataStructure\695\"/>
		</Unit>
		<Unit filename="/home/parallels/clion/src/DataStructure/6Z/CMakeLists.txt">
			<Option virtualFolder="CMake Files\src\DataStructure\6Z\"/>
		</Unit>
		<Unit filename="/home/parallels/clion/src/DataStructure/718/CMakeLists.txt">
			<Option virtualFolder="CMake Files\src\DataStructure\718\"/>
		</Unit>
		<Unit filename="/home/parallels/clion/src/DataStructure/76/CMakeLists.txt">
			<Option virtualFolder="CMake Files\src\DataStructure\76\"/>
		</Unit>
		<Unit filename="/home/parallels/clion/src/DataStructure/763/CMakeLists.txt">
			<Option virtualFolder="CMake Files\src\DataStructure\763\"/>
		</Unit>
		<Unit filename="/home/parallels/clion/src/DataStructure/77/CMakeLists.txt">
			<Option virtualFolder="CMake Files\src\DataStructure\77\"/>
		</Unit>
		<Unit filename="/home/parallels/clion/src/DataStructure/79/CMakeLists.txt">
			<Option virtualFolder="CMake Files\src\DataStructure\79\"/>
		</Unit>
		<Unit filename="/home/parallels/clion/src/DataStructure/81/CMakeLists.txt">
			<Option virtualFolder="CMake Files\src\DataStructure\81\"/>
		</Unit>
		<Unit filename="/home/parallels/clion/src/DataStructure/88/CMakeLists.txt">
			<Option virtualFolder="CMake Files\src\DataStructure\88\"/>
		</Unit>
		<Unit filename="/home/parallels/clion/src/DataStructure/934/CMakeLists.txt">
			<Option virtualFolder="CMake Files\src\DataStructure\934\"/>
		</Unit>
		<Unit filename="/home/parallels/clion/src/DataStructure/997/CMakeLists.txt">
			<Option virtualFolder="CMake Files\src\DataStructure\997\"/>
		</Unit>
		<Unit filename="/home/parallels/clion/src/DataStructure/FindStonePair/CMakeLists.txt">
			<Option virtualFolder="CMake Files\src\DataStructure\FindStonePair\"/>
		</Unit>
		<Unit filename="/home/parallels/clion/src/DataStructure/RabbitGoesHome/CMakeLists.txt">
			<Option virtualFolder="CMake Files\src\DataStructure\RabbitGoesHome\"/>
		</Unit>
		<Unit filename="/home/parallels/clion/src/DataStructure/quickSort/CMakeLists.txt">
			<Option virtualFolder="CMake Files\src\DataStructure\quickSort\"/>
		</Unit>
		<Unit filename="/home/parallels/clion/src/Copy_structure/CMakeLists.txt">
			<Option virtualFolder="CMake Files\src\Copy_structure\"/>
		</Unit>
		<Unit filename="/home/parallels/clion/src/DNS/CMakeLists.txt">
			<Option virtualFolder="CMake Files\src\DNS\"/>
		</Unit>
		<Unit filename="/home/parallels/clion/src/DateBaseTest/CMakeLists.txt">
			<Option virtualFolder="CMake Files\src\DateBaseTest\"/>
		</Unit>
		<Unit filename="/home/parallels/clion/src/Disjoint-setDataStructure/CMakeLists.txt">
			<Option virtualFolder="CMake Files\src\Disjoint-setDataStructure\"/>
		</Unit>
		<Unit filename="/home/parallels/clion/src/EnumClass/CMakeLists.txt">
			<Option virtualFolder="CMake Files\src\EnumClass\"/>
		</Unit>
		<Unit filename="/home/parallels/clion/src/Execute_before_main/CMakeLists.txt">
			<Option virtualFolder="CMake Files\src\Execute_before_main\"/>
		</Unit>
		<Unit filename="/home/parallels/clion/src/stub/CMakeLists.txt">
			<Option virtualFolder="CMake Files\src\stub\"/>
		</Unit>
		<Unit filename="/home/parallels/clion/src/Observer/CMakeLists.txt">
			<Option virtualFolder="CMake Files\src\Observer\"/>
		</Unit>
		<Unit filename="/home/parallels/clion/src/Test/CMakeLists.txt">
			<Option virtualFolder="CMake Files\src\Test\"/>
		</Unit>
		<Unit filename="/home/parallels/clion/src/ThreadPool/CMakeLists.txt">
			<Option virtualFolder="CMake Files\src\ThreadPool\"/>
		</Unit>
		<Unit filename="/home/parallels/clion/src/Throw_an_exception_at_destructor_time/CMakeLists.txt">
			<Option virtualFolder="CMake Files\src\Throw_an_exception_at_destructor_time\"/>
		</Unit>
		<Unit filename="/home/parallels/clion/src/TimerTest/CMakeLists.txt">
			<Option virtualFolder="CMake Files\src\TimerTest\"/>
		</Unit>
		<Unit filename="/home/parallels/clion/src/Variable_parameter_template/CMakeLists.txt">
			<Option virtualFolder="CMake Files\src\Variable_parameter_template\"/>
		</Unit>
		<Unit filename="/home/parallels/clion/src/addressof/CMakeLists.txt">
			<Option virtualFolder="CMake Files\src\addressof\"/>
		</Unit>
		<Unit filename="/home/parallels/clion/src/align/CMakeLists.txt">
			<Option virtualFolder="CMake Files\src\align\"/>
		</Unit>
		<Unit filename="/home/parallels/clion/src/any/CMakeLists.txt">
			<Option virtualFolder="CMake Files\src\any\"/>
		</Unit>
		<Unit filename="/home/parallels/clion/src/as_bytes/CMakeLists.txt">
			<Option virtualFolder="CMake Files\src\as_bytes\"/>
		</Unit>
		<Unit filename="/home/parallels/clion/src/asctime/CMakeLists.txt">
			<Option virtualFolder="CMake Files\src\asctime\"/>
		</Unit>
		<Unit filename="/home/parallels/clion/src/asio/CMakeLists.txt">
			<Option virtualFolder="CMake Files\src\asio\"/>
		</Unit>
		<Unit filename="/home/parallels/clion/src/async/CMakeLists.txt">
			<Option virtualFolder="CMake Files\src\async\"/>
		</Unit>
		<Unit filename="/home/parallels/clion/src/atomic/CMakeLists.txt">
			<Option virtualFolder="CMake Files\src\atomic\"/>
		</Unit>
		<Unit filename="/home/parallels/clion/src/auto/CMakeLists.txt">
			<Option virtualFolder="CMake Files\src\auto\"/>
		</Unit>
		<Unit filename="/home/parallels/clion/src/backtrace/CMakeLists.txt">
			<Option virtualFolder="CMake Files\src\backtrace\"/>
		</Unit>
		<Unit filename="/home/parallels/clion/src/boolalpha/CMakeLists.txt">
			<Option virtualFolder="CMake Files\src\boolalpha\"/>
		</Unit>
		<Unit filename="/home/parallels/clion/src/boostLambda/CMakeLists.txt">
			<Option virtualFolder="CMake Files\src\boostLambda\"/>
		</Unit>
		<Unit filename="/home/parallels/clion/src/char/CMakeLists.txt">
			<Option virtualFolder="CMake Files\src\char\"/>
		</Unit>
		<Unit filename="/home/parallels/clion/src/chrnon/CMakeLists.txt">
			<Option virtualFolder="CMake Files\src\chrnon\"/>
		</Unit>
		<Unit filename="/home/parallels/clion/src/class_template/CMakeLists.txt">
			<Option virtualFolder="CMake Files\src\class_template\"/>
		</Unit>
		<Unit filename="/home/parallels/clion/src/conditional/CMakeLists.txt">
			<Option virtualFolder="CMake Files\src\conditional\"/>
		</Unit>
		<Unit filename="/home/parallels/clion/src/dbg/CMakeLists.txt">
			<Option virtualFolder="CMake Files\src\dbg\"/>
		</Unit>
		<Unit filename="/home/parallels/clion/src/weakPtr/CMakeLists.txt">
			<Option virtualFolder="CMake Files\src\weakPtr\"/>
		</Unit>
		<Unit filename="/home/parallels/clion/src/reference/CMakeLists.txt">
			<Option virtualFolder="CMake Files\src\reference\"/>
		</Unit>
		<Unit filename="/home/parallels/clion/src/orm/CMakeLists.txt">
			<Option virtualFolder="CMake Files\src\orm\"/>
		</Unit>
		<Unit filename="/home/parallels/clion/src/dynamic_cast/CMakeLists.txt">
			<Option virtualFolder="CMake Files\src\dynamic_cast\"/>
		</Unit>
		<Unit filename="/home/parallels/clion/src/rpc/CMakeLists.txt">
			<Option virtualFolder="CMake Files\src\rpc\"/>
		</Unit>
		<Unit filename="/home/parallels/clion/src/memory_model/CMakeLists.txt">
			<Option virtualFolder="CMake Files\src\memory_model\"/>
		</Unit>
		<Unit filename="/home/parallels/clion/src/inline/CMakeLists.txt">
			<Option virtualFolder="CMake Files\src\inline\"/>
		</Unit>
		<Unit filename="/home/parallels/clion/src/dlopen/CMakeLists.txt">
			<Option virtualFolder="CMake Files\src\dlopen\"/>
		</Unit>
		<Unit filename="/home/parallels/clion/src/dlopen/lib/CMakeLists.txt">
			<Option virtualFolder="CMake Files\src\dlopen\lib\"/>
		</Unit>
		<Unit filename="/home/parallels/clion/src/enableShard/CMakeLists.txt">
			<Option virtualFolder="CMake Files\src\enableShard\"/>
		</Unit>
		<Unit filename="/home/parallels/clion/src/fstream/CMakeLists.txt">
			<Option virtualFolder="CMake Files\src\fstream\"/>
		</Unit>
		<Unit filename="/home/parallels/clion/src/proxy/CMakeLists.txt">
			<Option virtualFolder="CMake Files\src\proxy\"/>
		</Unit>
		<Unit filename="/home/parallels/clion/src/memory/CMakeLists.txt">
			<Option virtualFolder="CMake Files\src\memory\"/>
		</Unit>
		<Unit filename="/home/parallels/clion/src/new/CMakeLists.txt">
			<Option virtualFolder="CMake Files\src\new\"/>
		</Unit>
		<Unit filename="/home/parallels/clion/src/regex/CMakeLists.txt">
			<Option virtualFolder="CMake Files\src\regex\"/>
		</Unit>
		<Unit filename="/home/parallels/clion/src/register/CMakeLists.txt">
			<Option virtualFolder="CMake Files\src\register\"/>
		</Unit>
		<Unit filename="/home/parallels/clion/src/rpcexp/CMakeLists.txt">
			<Option virtualFolder="CMake Files\src\rpcexp\"/>
		</Unit>
		<Unit filename="/home/parallels/clion/src/sharedPtr/CMakeLists.txt">
			<Option virtualFolder="CMake Files\src\sharedPtr\"/>
		</Unit>
		<Unit filename="/home/parallels/clion/src/sqlite3/CMakeLists.txt">
			<Option virtualFolder="CMake Files\src\sqlite3\"/>
		</Unit>
		<Unit filename="/home/parallels/clion/src/syslog/CMakeLists.txt">
			<Option virtualFolder="CMake Files\src\syslog\"/>
		</Unit>
		<Unit filename="/home/parallels/clion/src/tuple/CMakeLists.txt">
			<Option virtualFolder="CMake Files\src\tuple\"/>
		</Unit>
		<Unit filename="/home/parallels/clion/src/reference_wrapper/CMakeLists.txt">
			<Option virtualFolder="CMake Files\src\reference_wrapper\"/>
		</Unit>
		<Unit filename="/home/parallels/clion/src/unordered_set/CMakeLists.txt">
			<Option virtualFolder="CMake Files\src\unordered_set\"/>
		</Unit>
		<Unit filename="/home/parallels/clion/src/type/CMakeLists.txt">
			<Option virtualFolder="CMake Files\src\type\"/>
		</Unit>
		<Unit filename="/home/parallels/clion/src/typeid/CMakeLists.txt">
			<Option virtualFolder="CMake Files\src\typeid\"/>
		</Unit>
		<Unit filename="/home/parallels/clion/src/getline/CMakeLists.txt">
			<Option virtualFolder="CMake Files\src\getline\"/>
		</Unit>
		<Unit filename="/home/parallels/clion/src/json/CMakeLists.txt">
			<Option virtualFolder="CMake Files\src\json\"/>
		</Unit>
		<Unit filename="/home/parallels/clion/src/sizeof.../CMakeLists.txt">
			<Option virtualFolder="CMake Files\src\sizeof...\"/>
		</Unit>
		<Unit filename="/home/parallels/clion/src/folded_expression/CMakeLists.txt">
			<Option virtualFolder="CMake Files\src\folded_expression\"/>
		</Unit>
		<Unit filename="/home/parallels/clion/src/folded_expression2/CMakeLists.txt">
			<Option virtualFolder="CMake Files\src\folded_expression2\"/>
		</Unit>
		<Unit filename="/home/parallels/clion/src/fold_expression_empty_packet_processing/CMakeLists.txt">
			<Option virtualFolder="CMake Files\src\fold_expression_empty_packet_processing\"/>
		</Unit>
		<Unit filename="/home/parallels/clion/src/visit_struct/CMakeLists.txt">
			<Option virtualFolder="CMake Files\src\visit_struct\"/>
		</Unit>
		<Unit filename="/home/parallels/clion/src/optional/CMakeLists.txt">
			<Option virtualFolder="CMake Files\src\optional\"/>
		</Unit>
		<Unit filename="/home/parallels/clion/src/sscanf/CMakeLists.txt">
			<Option virtualFolder="CMake Files\src\sscanf\"/>
		</Unit>
		<Unit filename="/home/parallels/clion/src/popen/CMakeLists.txt">
			<Option virtualFolder="CMake Files\src\popen\"/>
		</Unit>
		<Unit filename="/home/parallels/clion/src/protobuf/CMakeLists.txt">
			<Option virtualFolder="CMake Files\src\protobuf\"/>
		</Unit>
		<Unit filename="/home/parallels/clion/src/gcovr/CMakeLists.txt">
			<Option virtualFolder="CMake Files\src\gcovr\"/>
		</Unit>
		<Unit filename="/home/parallels/clion/src/inlineStatic/CMakeLists.txt">
			<Option virtualFolder="CMake Files\src\inlineStatic\"/>
		</Unit>
		<Unit filename="/home/parallels/clion/src/gtest/CMakeLists.txt">
			<Option virtualFolder="CMake Files\src\gtest\"/>
		</Unit>
		<Unit filename="/home/parallels/clion/src/giomm/CMakeLists.txt">
			<Option virtualFolder="CMake Files\src\giomm\"/>
		</Unit>
		<Unit filename="/home/parallels/clion/src/sqlit3pp/CMakeLists.txt">
			<Option virtualFolder="CMake Files\src\sqlit3pp\"/>
		</Unit>
		<Unit filename="/home/parallels/clion/src/invocable/CMakeLists.txt">
			<Option virtualFolder="CMake Files\src\invocable\"/>
		</Unit>
		<Unit filename="/home/parallels/clion/src/promise/CMakeLists.txt">
			<Option virtualFolder="CMake Files\src\promise\"/>
		</Unit>
		<Unit filename="/home/parallels/clion/src/packaged_task/CMakeLists.txt">
			<Option virtualFolder="CMake Files\src\packaged_task\"/>
		</Unit>
		<Unit filename="/home/parallels/clion/src/libevent/CMakeLists.txt">
			<Option virtualFolder="CMake Files\src\libevent\"/>
		</Unit>
		<Unit filename="/home/parallels/clion/src/looper/CMakeLists.txt">
			<Option virtualFolder="CMake Files\src\looper\"/>
		</Unit>
		<Unit filename="/home/parallels/clion/src/rpc_client/CMakeLists.txt">
			<Option virtualFolder="CMake Files\src\rpc_client\"/>
		</Unit>
		<Unit filename="/home/parallels/clion/src/vec/CMakeLists.txt">
			<Option virtualFolder="CMake Files\src\vec\"/>
		</Unit>
		<Unit filename="/home/parallels/clion/src/stream/CMakeLists.txt">
			<Option virtualFolder="CMake Files\src\stream\"/>
		</Unit>
		<Unit filename="/home/parallels/clion/src/threadTest/CMakeLists.txt">
			<Option virtualFolder="CMake Files\src\threadTest\"/>
		</Unit>
		<Unit filename="/home/parallels/clion/src/runableHandlerTest/CMakeLists.txt">
			<Option virtualFolder="CMake Files\src\runableHandlerTest\"/>
		</Unit>
		<Unit filename="/home/parallels/clion/src/string/CMakeLists.txt">
			<Option virtualFolder="CMake Files\src\string\"/>
		</Unit>
		<Unit filename="/home/parallels/clion/src/overload/CMakeLists.txt">
			<Option virtualFolder="CMake Files\src\overload\"/>
		</Unit>
		<Unit filename="/home/parallels/clion/src/quoted/CMakeLists.txt">
			<Option virtualFolder="CMake Files\src\quoted\"/>
		</Unit>
		<Unit filename="/home/parallels/clion/src/match_format/CMakeLists.txt">
			<Option virtualFolder="CMake Files\src\match_format\"/>
		</Unit>
		<Unit filename="/home/parallels/clion/src/locale/CMakeLists.txt">
			<Option virtualFolder="CMake Files\src\locale\"/>
		</Unit>
		<Unit filename="/home/parallels/clion/src/strategy/CMakeLists.txt">
			<Option virtualFolder="CMake Files\src\strategy\"/>
		</Unit>
		<Unit filename="/home/parallels/clion/src/enable_shared_from_this/CMakeLists.txt">
			<Option virtualFolder="CMake Files\src\enable_shared_from_this\"/>
		</Unit>
		<Unit filename="/home/parallels/clion/src/from_chars/CMakeLists.txt">
			<Option virtualFolder="CMake Files\src\from_chars\"/>
		</Unit>
		<Unit filename="/home/parallels/clion/src/mem_fn/CMakeLists.txt">
			<Option virtualFolder="CMake Files\src\mem_fn\"/>
		</Unit>
		<Unit filename="/home/parallels/clion/src/subprocess1/CMakeLists.txt">
			<Option virtualFolder="CMake Files\src\subprocess1\"/>
		</Unit>
		<Unit filename="/home/parallels/clion/src/virtual/CMakeLists.txt">
			<Option virtualFolder="CMake Files\src\virtual\"/>
		</Unit>
		<Unit filename="/home/parallels/clion/src/log4cpp/CMakeLists.txt">
			<Option virtualFolder="CMake Files\src\log4cpp\"/>
		</Unit>
		<Unit filename="/home/parallels/clion/src/imgui/CMakeLists.txt">
			<Option virtualFolder="CMake Files\src\imgui\"/>
		</Unit>
		<Unit filename="/home/parallels/clion/src/stringAssign/CMakeLists.txt">
			<Option virtualFolder="CMake Files\src\stringAssign\"/>
		</Unit>
		<Unit filename="/home/parallels/clion/src/strto/CMakeLists.txt">
			<Option virtualFolder="CMake Files\src\strto\"/>
		</Unit>
		<Unit filename="/home/parallels/clion/src/udl/CMakeLists.txt">
			<Option virtualFolder="CMake Files\src\udl\"/>
		</Unit>
		<Unit filename="/home/parallels/clion/src/unique_ptr/CMakeLists.txt">
			<Option virtualFolder="CMake Files\src\unique_ptr\"/>
		</Unit>
		<Unit filename="/home/parallels/clion/src/netd/CMakeLists.txt">
			<Option virtualFolder="CMake Files\src\netd\"/>
		</Unit>
		<Unit filename="/home/parallels/clion/src/ptr/CMakeLists.txt">
			<Option virtualFolder="CMake Files\src\ptr\"/>
		</Unit>
		<Unit filename="/home/parallels/clion/src/uuid/CMakeLists.txt">
			<Option virtualFolder="CMake Files\src\uuid\"/>
		</Unit>
		<Unit filename="/home/parallels/clion/src/netd1/CMakeLists.txt">
			<Option virtualFolder="CMake Files\src\netd1\"/>
		</Unit>
		<Unit filename="/home/parallels/clion/src/pythonC++/CMakeLists.txt">
			<Option virtualFolder="CMake Files\src\pythonC++\"/>
		</Unit>
		<Unit filename="/home/parallels/clion/src/ifc/CMakeLists.txt">
			<Option virtualFolder="CMake Files\src\ifc\"/>
		</Unit>
		<Unit filename="/home/parallels/clion/src/engineTest/CMakeLists.txt">
			<Option virtualFolder="CMake Files\src\engineTest\"/>
		</Unit>
		<Unit filename="/home/parallels/clion/src/utils/CMakeLists.txt">
			<Option virtualFolder="CMake Files\src\utils\"/>
		</Unit>
		<Unit filename="/home/parallels/clion/src/tcpServer/CMakeLists.txt">
			<Option virtualFolder="CMake Files\src\tcpServer\"/>
		</Unit>
		<Unit filename="/home/parallels/clion/src/tcpClient/CMakeLists.txt">
			<Option virtualFolder="CMake Files\src\tcpClient\"/>
		</Unit>
		<Unit filename="/home/parallels/clion/src/jsoncpp/CMakeLists.txt">
			<Option virtualFolder="CMake Files\src\jsoncpp\"/>
		</Unit>
		<Unit filename="/home/parallels/clion/src/msgpackTest/CMakeLists.txt">
			<Option virtualFolder="CMake Files\src\msgpackTest\"/>
		</Unit>
		<Unit filename="/home/parallels/clion/../../../usr/lib/aarch64-linux-gnu/cmake/BoostDetectToolset-1.74.0.cmake">
			<Option virtualFolder="CMake Files\..\..\..\usr\lib\aarch64-linux-gnu\cmake\"/>
		</Unit>
		<Unit filename="/home/parallels/clion/../../../usr/lib/aarch64-linux-gnu/cmake/Boost-1.74.0/BoostConfig.cmake">
			<Option virtualFolder="CMake Files\..\..\..\usr\lib\aarch64-linux-gnu\cmake\Boost-1.74.0\"/>
		</Unit>
		<Unit filename="/home/parallels/clion/../../../usr/lib/aarch64-linux-gnu/cmake/Boost-1.74.0/BoostConfigVersion.cmake">
			<Option virtualFolder="CMake Files\..\..\..\usr\lib\aarch64-linux-gnu\cmake\Boost-1.74.0\"/>
		</Unit>
		<Unit filename="/home/parallels/clion/../../../usr/lib/aarch64-linux-gnu/cmake/boost_headers-1.74.0/boost_headers-config-version.cmake">
			<Option virtualFolder="CMake Files\..\..\..\usr\lib\aarch64-linux-gnu\cmake\boost_headers-1.74.0\"/>
		</Unit>
		<Unit filename="/home/parallels/clion/../../../usr/lib/aarch64-linux-gnu/cmake/boost_headers-1.74.0/boost_headers-config.cmake">
			<Option virtualFolder="CMake Files\..\..\..\usr\lib\aarch64-linux-gnu\cmake\boost_headers-1.74.0\"/>
		</Unit>
		<Unit filename="/home/parallels/clion/../../../usr/lib/aarch64-linux-gnu/cmake/boost_date_time-1.74.0/boost_date_time-config-version.cmake">
			<Option virtualFolder="CMake Files\..\..\..\usr\lib\aarch64-linux-gnu\cmake\boost_date_time-1.74.0\"/>
		</Unit>
		<Unit filename="/home/parallels/clion/../../../usr/lib/aarch64-linux-gnu/cmake/boost_date_time-1.74.0/boost_date_time-config.cmake">
			<Option virtualFolder="CMake Files\..\..\..\usr\lib\aarch64-linux-gnu\cmake\boost_date_time-1.74.0\"/>
		</Unit>
		<Unit filename="/home/parallels/clion/../../../usr/lib/aarch64-linux-gnu/cmake/boost_date_time-1.74.0/libboost_date_time-variant-shared.cmake">
			<Option virtualFolder="CMake Files\..\..\..\usr\lib\aarch64-linux-gnu\cmake\boost_date_time-1.74.0\"/>
		</Unit>
		<Unit filename="/home/parallels/clion/../../../usr/lib/aarch64-linux-gnu/cmake/boost_date_time-1.74.0/libboost_date_time-variant-static.cmake">
			<Option virtualFolder="CMake Files\..\..\..\usr\lib\aarch64-linux-gnu\cmake\boost_date_time-1.74.0\"/>
		</Unit>
		<Unit filename="/home/parallels/clion/../../../usr/lib/aarch64-linux-gnu/cmake/boost_system-1.74.0/boost_system-config-version.cmake">
			<Option virtualFolder="CMake Files\..\..\..\usr\lib\aarch64-linux-gnu\cmake\boost_system-1.74.0\"/>
		</Unit>
		<Unit filename="/home/parallels/clion/../../../usr/lib/aarch64-linux-gnu/cmake/boost_system-1.74.0/boost_system-config.cmake">
			<Option virtualFolder="CMake Files\..\..\..\usr\lib\aarch64-linux-gnu\cmake\boost_system-1.74.0\"/>
		</Unit>
		<Unit filename="/home/parallels/clion/../../../usr/lib/aarch64-linux-gnu/cmake/boost_system-1.74.0/libboost_system-variant-shared.cmake">
			<Option virtualFolder="CMake Files\..\..\..\usr\lib\aarch64-linux-gnu\cmake\boost_system-1.74.0\"/>
		</Unit>
		<Unit filename="/home/parallels/clion/../../../usr/lib/aarch64-linux-gnu/cmake/boost_system-1.74.0/libboost_system-variant-static.cmake">
			<Option virtualFolder="CMake Files\..\..\..\usr\lib\aarch64-linux-gnu\cmake\boost_system-1.74.0\"/>
		</Unit>
		<Unit filename="/home/parallels/clion/../../../usr/lib/aarch64-linux-gnu/cmake/boost_filesystem-1.74.0/boost_filesystem-config-version.cmake">
			<Option virtualFolder="CMake Files\..\..\..\usr\lib\aarch64-linux-gnu\cmake\boost_filesystem-1.74.0\"/>
		</Unit>
		<Unit filename="/home/parallels/clion/../../../usr/lib/aarch64-linux-gnu/cmake/boost_filesystem-1.74.0/boost_filesystem-config.cmake">
			<Option virtualFolder="CMake Files\..\..\..\usr\lib\aarch64-linux-gnu\cmake\boost_filesystem-1.74.0\"/>
		</Unit>
		<Unit filename="/home/parallels/clion/../../../usr/lib/aarch64-linux-gnu/cmake/boost_filesystem-1.74.0/libboost_filesystem-variant-shared.cmake">
			<Option virtualFolder="CMake Files\..\..\..\usr\lib\aarch64-linux-gnu\cmake\boost_filesystem-1.74.0\"/>
		</Unit>
		<Unit filename="/home/parallels/clion/../../../usr/lib/aarch64-linux-gnu/cmake/boost_filesystem-1.74.0/libboost_filesystem-variant-static.cmake">
			<Option virtualFolder="CMake Files\..\..\..\usr\lib\aarch64-linux-gnu\cmake\boost_filesystem-1.74.0\"/>
		</Unit>
		<Unit filename="/home/parallels/clion/../../../usr/lib/aarch64-linux-gnu/cmake/boost_iostreams-1.74.0/boost_iostreams-config-version.cmake">
			<Option virtualFolder="CMake Files\..\..\..\usr\lib\aarch64-linux-gnu\cmake\boost_iostreams-1.74.0\"/>
		</Unit>
		<Unit filename="/home/parallels/clion/../../../usr/lib/aarch64-linux-gnu/cmake/boost_iostreams-1.74.0/boost_iostreams-config.cmake">
			<Option virtualFolder="CMake Files\..\..\..\usr\lib\aarch64-linux-gnu\cmake\boost_iostreams-1.74.0\"/>
		</Unit>
		<Unit filename="/home/parallels/clion/../../../usr/lib/aarch64-linux-gnu/cmake/boost_iostreams-1.74.0/libboost_iostreams-variant-shared.cmake">
			<Option virtualFolder="CMake Files\..\..\..\usr\lib\aarch64-linux-gnu\cmake\boost_iostreams-1.74.0\"/>
		</Unit>
		<Unit filename="/home/parallels/clion/../../../usr/lib/aarch64-linux-gnu/cmake/boost_iostreams-1.74.0/libboost_iostreams-variant-static.cmake">
			<Option virtualFolder="CMake Files\..\..\..\usr\lib\aarch64-linux-gnu\cmake\boost_iostreams-1.74.0\"/>
		</Unit>
		<Unit filename="/home/parallels/clion/../../../usr/lib/aarch64-linux-gnu/cmake/boost_thread-1.74.0/boost_thread-config-version.cmake">
			<Option virtualFolder="CMake Files\..\..\..\usr\lib\aarch64-linux-gnu\cmake\boost_thread-1.74.0\"/>
		</Unit>
		<Unit filename="/home/parallels/clion/../../../usr/lib/aarch64-linux-gnu/cmake/boost_thread-1.74.0/boost_thread-config.cmake">
			<Option virtualFolder="CMake Files\..\..\..\usr\lib\aarch64-linux-gnu\cmake\boost_thread-1.74.0\"/>
		</Unit>
		<Unit filename="/home/parallels/clion/../../../usr/lib/aarch64-linux-gnu/cmake/boost_thread-1.74.0/libboost_thread-variant-shared.cmake">
			<Option virtualFolder="CMake Files\..\..\..\usr\lib\aarch64-linux-gnu\cmake\boost_thread-1.74.0\"/>
		</Unit>
		<Unit filename="/home/parallels/clion/../../../usr/lib/aarch64-linux-gnu/cmake/boost_thread-1.74.0/libboost_thread-variant-static.cmake">
			<Option virtualFolder="CMake Files\..\..\..\usr\lib\aarch64-linux-gnu\cmake\boost_thread-1.74.0\"/>
		</Unit>
		<Unit filename="/home/parallels/clion/../../../usr/lib/aarch64-linux-gnu/cmake/boost_atomic-1.74.0/boost_atomic-config-version.cmake">
			<Option virtualFolder="CMake Files\..\..\..\usr\lib\aarch64-linux-gnu\cmake\boost_atomic-1.74.0\"/>
		</Unit>
		<Unit filename="/home/parallels/clion/../../../usr/lib/aarch64-linux-gnu/cmake/boost_atomic-1.74.0/boost_atomic-config.cmake">
			<Option virtualFolder="CMake Files\..\..\..\usr\lib\aarch64-linux-gnu\cmake\boost_atomic-1.74.0\"/>
		</Unit>
		<Unit filename="/home/parallels/clion/../../../usr/lib/aarch64-linux-gnu/cmake/boost_atomic-1.74.0/libboost_atomic-variant-shared.cmake">
			<Option virtualFolder="CMake Files\..\..\..\usr\lib\aarch64-linux-gnu\cmake\boost_atomic-1.74.0\"/>
		</Unit>
		<Unit filename="/home/parallels/clion/../../../usr/lib/aarch64-linux-gnu/cmake/boost_atomic-1.74.0/libboost_atomic-variant-static.cmake">
			<Option virtualFolder="CMake Files\..\..\..\usr\lib\aarch64-linux-gnu\cmake\boost_atomic-1.74.0\"/>
		</Unit>
		<Unit filename="/home/parallels/clion/../../../usr/lib/aarch64-linux-gnu/cmake/GTest/GMockTargets-none.cmake">
			<Option virtualFolder="CMake Files\..\..\..\usr\lib\aarch64-linux-gnu\cmake\GTest\"/>
		</Unit>
		<Unit filename="/home/parallels/clion/../../../usr/lib/aarch64-linux-gnu/cmake/GTest/GMockTargets.cmake">
			<Option virtualFolder="CMake Files\..\..\..\usr\lib\aarch64-linux-gnu\cmake\GTest\"/>
		</Unit>
		<Unit filename="/home/parallels/clion/../../../usr/lib/aarch64-linux-gnu/cmake/GTest/GTestConfig.cmake">
			<Option virtualFolder="CMake Files\..\..\..\usr\lib\aarch64-linux-gnu\cmake\GTest\"/>
		</Unit>
		<Unit filename="/home/parallels/clion/../../../usr/lib/aarch64-linux-gnu/cmake/GTest/GTestConfigVersion.cmake">
			<Option virtualFolder="CMake Files\..\..\..\usr\lib\aarch64-linux-gnu\cmake\GTest\"/>
		</Unit>
		<Unit filename="/home/parallels/clion/../../../usr/lib/aarch64-linux-gnu/cmake/GTest/GTestTargets-none.cmake">
			<Option virtualFolder="CMake Files\..\..\..\usr\lib\aarch64-linux-gnu\cmake\GTest\"/>
		</Unit>
		<Unit filename="/home/parallels/clion/../../../usr/lib/aarch64-linux-gnu/cmake/GTest/GTestTargets.cmake">
			<Option virtualFolder="CMake Files\..\..\..\usr\lib\aarch64-linux-gnu\cmake\GTest\"/>
		</Unit>
		<Unit filename="/home/parallels/clion/../../../usr/local/lib/cmake/jsoncpp/jsoncpp-namespaced-targets.cmake">
			<Option virtualFolder="CMake Files\..\..\..\usr\local\lib\cmake\jsoncpp\"/>
		</Unit>
		<Unit filename="/home/parallels/clion/../../../usr/local/lib/cmake/jsoncpp/jsoncpp-targets-release.cmake">
			<Option virtualFolder="CMake Files\..\..\..\usr\local\lib\cmake\jsoncpp\"/>
		</Unit>
		<Unit filename="/home/parallels/clion/../../../usr/local/lib/cmake/jsoncpp/jsoncpp-targets.cmake">
			<Option virtualFolder="CMake Files\..\..\..\usr\local\lib\cmake\jsoncpp\"/>
		</Unit>
		<Unit filename="/home/parallels/clion/../../../usr/local/lib/cmake/jsoncpp/jsoncppConfig.cmake">
			<Option virtualFolder="CMake Files\..\..\..\usr\local\lib\cmake\jsoncpp\"/>
		</Unit>
		<Unit filename="/home/parallels/clion/../../../usr/local/lib/cmake/jsoncpp/jsoncppConfigVersion.cmake">
			<Option virtualFolder="CMake Files\..\..\..\usr\local\lib\cmake\jsoncpp\"/>
		</Unit>
		<Unit filename="/home/parallels/clion/external/CMakeLists.txt">
			<Option virtualFolder="CMake Files\external\"/>
		</Unit>
		<Unit filename="/home/parallels/clion/external/subprocess/CMakeLists.txt">
			<Option virtualFolder="CMake Files\external\subprocess\"/>
		</Unit>
		<Unit filename="/home/parallels/clion/external/imgui/CMakeLists.txt">
			<Option virtualFolder="CMake Files\external\imgui\"/>
		</Unit>
		<Unit filename="/home/parallels/clion/libframework/CMakeLists.txt">
			<Option virtualFolder="CMake Files\libframework\"/>
		</Unit>
		<Unit filename="/home/parallels/clion/libframework/framework/CMakeLists.txt">
			<Option virtualFolder="CMake Files\libframework\framework\"/>
		</Unit>
		<Unit filename="/home/parallels/clion/libframework/framework/interface/CMakeLists.txt">
			<Option virtualFolder="CMake Files\libframework\framework\interface\"/>
		</Unit>
	</Project>
</CodeBlocks_project_file>
